
Microsoft Visual Studio Solution File, Format Version 12.00
# Visual Studio Version 17
VisualStudioVersion = 17.7.34031.279
MinimumVisualStudioVersion = 10.0.40219.1
Project("{FAE04EC0-301F-11D3-BF4B-00C04F79EFBC}") = "[School] Blackjack Project", "[School] Blackjack Project.csproj", "{AEAD01FA-5E2A-4B66-B7B5-DC6C49013FFF}"
EndProject
Global
	GlobalSection(SolutionConfigurationPlatforms) = preSolution
		Debug|Any CPU = Debug|Any CPU
		Release|Any CPU = Release|Any CPU
	EndGlobalSection
	GlobalSection(ProjectConfigurationPlatforms) = postSolution
		{AEAD01FA-5E2A-4B66-B7B5-DC6C49013FFF}.Debug|Any CPU.ActiveCfg = Debug|Any CPU
		{AEAD01FA-5E2A-4B66-B7B5-DC6C49013FFF}.Debug|Any CPU.Build.0 = Debug|Any CPU
		{AEAD01FA-5E2A-4B66-B7B5-DC6C49013FFF}.Release|Any CPU.ActiveCfg = Release|Any CPU
		{AEAD01FA-5E2A-4B66-B7B5-DC6C49013FFF}.Release|Any CPU.Build.0 = Release|Any CPU
	EndGlobalSection
	GlobalSection(SolutionProperties) = preSolution
		HideSolutionNode = FALSE
	EndGlobalSection
	GlobalSection(ExtensibilityGlobals) = postSolution
		SolutionGuid = {AE8112A3-3B83-4BBE-8D92-D44981DECFDC}
	EndGlobalSection
EndGlobal
